{
  "name": "arclune_lane_7x3",
  "version": "1.0.0",
  "lockfileVersion": 3,
  "requires": true,
  "packages": {
    "": {
      "name": "arclune_lane_7x3",
      "version": "1.0.0",
      "license": "ISC",
      "devDependencies": {
        "esbuild": "file:tools/esbuild-stub"
      }
    },
    "node_modules/esbuild": {
      "resolved": "tools/esbuild-stub",
      "link": true
    },
    "tools/esbuild-stub": {
      "name": "esbuild",
      "version": "0.0.0-stub",
      "dev": true
    }
  }
}
