{
  "name": "arclune_lane_7x3",
  "version": "1.0.0",
  "lockfileVersion": 3,
  "requires": true,
  "packages": {
    "": {
      "name": "arclune_lane_7x3",
      "version": "1.0.0",
      "license": "ISC",
      "dependencies": {
        "zod": "file:tools/zod-stub"
      },
      "devDependencies": {
        "esbuild": "file:tools/esbuild-stub",
        "tsx": "file:tools/tsx-stub"
      }
    },
    "node_modules/esbuild": {
      "resolved": "tools/esbuild-stub",
      "link": true
    },
    "node_modules/zod": {
      "resolved": "tools/zod-stub",
      "link": true
    },
    "node_modules/tsx": {
      "resolved": "tools/tsx-stub",
      "link": true
    },
    "tools/esbuild-stub": {
      "name": "esbuild",
      "version": "0.0.0-stub",
      "dev": true
    },
    "tools/zod-stub": {
      "name": "zod",
      "version": "0.0.0-stub"
    },
    "tools/tsx-stub": {
      "name": "tsx",
      "version": "4.7.1",
      "dev": true,
      "bin": {
        "tsx": "bin.js"
      }
    }
  }
}
